# This file is automatically @generated by Cargo.
# It is not intended for manual editing.
version = 3

[[package]]
name = "adler2"
version = "2.0.0"
source = "registry+https://github.com/rust-lang/crates.io-index"
checksum = "512761e0bb2578dd7380c6baaa0f4ce03e84f95e960231d1dec8bf4d7d6e2627"

[[package]]
name = "arrayvec"
version = "0.7.6"
source = "registry+https://github.com/rust-lang/crates.io-index"
checksum = "7c02d123df017efcdfbd739ef81735b36c5ba83ec3c59c80a9d7ecc718f92e50"

[[package]]
name = "autocfg"
version = "1.4.0"
source = "registry+https://github.com/rust-lang/crates.io-index"
checksum = "ace50bade8e6234aa140d9a2f552bbee1db4d353f69b8217bc503490fc1a9f26"

[[package]]
name = "bitflags"
version = "1.3.2"
source = "registry+https://github.com/rust-lang/crates.io-index"
checksum = "bef38d45163c2f1dde094a7dfd33ccf595c92905c8f8f4fdc18d06fb1037718a"

[[package]]
name = "bitflags"
version = "2.8.0"
source = "registry+https://github.com/rust-lang/crates.io-index"
checksum = "8f68f53c83ab957f72c32642f3868eec03eb974d1fb82e453128456482613d36"

[[package]]
name = "bitvec"
version = "1.0.1"
source = "registry+https://github.com/rust-lang/crates.io-index"
checksum = "1bc2832c24239b0141d5674bb9174f9d68a8b5b3f2753311927c172ca46f7e9c"
dependencies = [
 "funty",
 "radium",
 "tap",
 "wyz",
]

[[package]]
name = "bumpalo"
version = "3.16.0"
source = "registry+https://github.com/rust-lang/crates.io-index"
checksum = "79296716171880943b8470b5f8d03aa55eb2e645a4874bdbb28adb49162e012c"

[[package]]
name = "bytemuck"
version = "1.21.0"
source = "registry+https://github.com/rust-lang/crates.io-index"
checksum = "ef657dfab802224e671f5818e9a4935f9b1957ed18e58292690cc39e7a4092a3"

[[package]]
name = "byteorder"
version = "1.5.0"
source = "registry+https://github.com/rust-lang/crates.io-index"
checksum = "1fd0f2584146f6f2ef48085050886acf353beff7305ebd1ae69500e27c67f64b"

[[package]]
name = "byteorder-lite"
version = "0.1.0"
source = "registry+https://github.com/rust-lang/crates.io-index"
checksum = "8f1fe948ff07f4bd06c30984e69f5b4899c516a3ef74f34df92a2df2ab535495"

[[package]]
name = "bytes"
version = "1.9.0"
source = "registry+https://github.com/rust-lang/crates.io-index"
checksum = "325918d6fe32f23b19878fe4b34794ae41fc19ddbe53b10571a4874d44ffd39b"

[[package]]
name = "cc"
version = "1.2.9"
source = "registry+https://github.com/rust-lang/crates.io-index"
checksum = "c8293772165d9345bdaaa39b45b2109591e63fe5e6fbc23c6ff930a048aa310b"
dependencies = [
 "jobserver",
 "libc",
 "shlex",
]

[[package]]
name = "cfb"
version = "0.7.3"
source = "registry+https://github.com/rust-lang/crates.io-index"
checksum = "d38f2da7a0a2c4ccf0065be06397cc26a81f4e528be095826eee9d4adbb8c60f"
dependencies = [
 "byteorder",
 "fnv",
 "uuid",
]

[[package]]
name = "cfg-if"
version = "1.0.0"
source = "registry+https://github.com/rust-lang/crates.io-index"
checksum = "baf1de4339761588bc0619e3cbc0120ee582ebb74b53b4efbf79117bd2da40fd"

[[package]]
name = "crc32fast"
version = "1.4.2"
source = "registry+https://github.com/rust-lang/crates.io-index"
checksum = "a97769d94ddab943e4510d138150169a2758b5ef3eb191a9ee688de3e23ef7b3"
dependencies = [
 "cfg-if",
]

[[package]]
name = "dunce"
version = "1.0.5"
source = "registry+https://github.com/rust-lang/crates.io-index"
checksum = "92773504d58c093f6de2459af4af33faa518c13451eb8f2b5698ed3d36e7c813"

[[package]]
name = "equivalent"
version = "1.0.1"
source = "registry+https://github.com/rust-lang/crates.io-index"
checksum = "5443807d6dff69373d433ab9ef5378ad8df50ca6298caf15de6e52e24aaf54d5"

[[package]]
name = "fdeflate"
version = "0.3.7"
source = "registry+https://github.com/rust-lang/crates.io-index"
checksum = "1e6853b52649d4ac5c0bd02320cddc5ba956bdb407c4b75a2c6b75bf51500f8c"
dependencies = [
 "simd-adler32",
]

[[package]]
name = "filetime"
version = "0.2.25"
source = "registry+https://github.com/rust-lang/crates.io-index"
checksum = "35c0522e981e68cbfa8c3f978441a5f34b30b96e146b33cd3359176b50fe8586"
dependencies = [
 "cfg-if",
 "libc",
 "libredox",
 "windows-sys",
]

[[package]]
name = "flate2"
version = "1.0.35"
source = "registry+https://github.com/rust-lang/crates.io-index"
checksum = "c936bfdafb507ebbf50b8074c54fa31c5be9a1e7e5f467dd659697041407d07c"
dependencies = [
 "crc32fast",
 "miniz_oxide",
]

[[package]]
name = "fnv"
version = "1.0.7"
source = "registry+https://github.com/rust-lang/crates.io-index"
checksum = "3f9eec918d3f24069decb9af1554cad7c880e2da24a9afd88aca000531ab82c1"

[[package]]
name = "funty"
version = "2.0.0"
source = "registry+https://github.com/rust-lang/crates.io-index"
checksum = "e6d5a32815ae3f33302d95fdcb2ce17862f8c65363dcfd29360480ba1001fc9c"

[[package]]
name = "glob"
version = "0.3.2"
source = "registry+https://github.com/rust-lang/crates.io-index"
checksum = "a8d1add55171497b4705a648c6b583acafb01d58050a51727785f0b2c8e0a2b2"

[[package]]
name = "hashbrown"
version = "0.15.2"
source = "registry+https://github.com/rust-lang/crates.io-index"
checksum = "bf151400ff0baff5465007dd2f3e717f3fe502074ca563069ce3a6629d07b289"

[[package]]
name = "image"
version = "0.25.5"
source = "registry+https://github.com/rust-lang/crates.io-index"
checksum = "cd6f44aed642f18953a158afeb30206f4d50da59fbc66ecb53c66488de73563b"
dependencies = [
 "bytemuck",
 "byteorder-lite",
 "image-webp",
 "num-traits",
 "png",
 "zune-core",
 "zune-jpeg",
]

[[package]]
name = "image-webp"
version = "0.2.1"
source = "registry+https://github.com/rust-lang/crates.io-index"
checksum = "b77d01e822461baa8409e156015a1d91735549f0f2c17691bd2d996bef238f7f"
dependencies = [
 "byteorder-lite",
 "quick-error",
]

[[package]]
name = "imagequant"
version = "4.3.3"
source = "registry+https://github.com/rust-lang/crates.io-index"
checksum = "5fecc99538c9061ee4d88476f6cd704c9f06575a34f0083affdaa1337a331aa7"
dependencies = [
 "arrayvec",
 "once_cell",
 "rgb",
]

[[package]]
name = "img-parts"
version = "0.3.3"
source = "registry+https://github.com/rust-lang/crates.io-index"
checksum = "6b4e24cfdc6f897b582508e3c382eaf5378076898f80500a80d10d761ae85e90"
dependencies = [
 "bytes",
 "crc32fast",
 "miniz_oxide",
]

[[package]]
name = "indexmap"
version = "2.7.0"
source = "registry+https://github.com/rust-lang/crates.io-index"
checksum = "62f822373a4fe84d4bb149bf54e584a7f4abec90e072ed49cda0edea5b95471f"
dependencies = [
 "equivalent",
 "hashbrown",
]

[[package]]
name = "infer"
version = "0.16.0"
source = "registry+https://github.com/rust-lang/crates.io-index"
checksum = "bc150e5ce2330295b8616ce0e3f53250e53af31759a9dbedad1621ba29151847"
dependencies = [
 "cfb",
]

[[package]]
name = "jobserver"
version = "0.1.32"
source = "registry+https://github.com/rust-lang/crates.io-index"
checksum = "48d1dbcbbeb6a7fec7e059840aa538bd62aaccf972c7346c4d9d2059312853d0"
dependencies = [
 "libc",
]

[[package]]
name = "jpeg-decoder"
version = "0.3.1"
source = "registry+https://github.com/rust-lang/crates.io-index"
checksum = "f5d4a7da358eff58addd2877a45865158f0d78c911d43a5784ceb7bbf52833b0"

[[package]]
name = "kamadak-exif"
version = "0.6.1"
source = "registry+https://github.com/rust-lang/crates.io-index"
checksum = "1130d80c7374efad55a117d715a3af9368f0fa7a2c54573afc15a188cd984837"
dependencies = [
 "mutate_once",
]

[[package]]
name = "libc"
version = "0.2.169"
source = "registry+https://github.com/rust-lang/crates.io-index"
checksum = "b5aba8db14291edd000dfcc4d620c7ebfb122c613afb886ca8803fa4e128a20a"

[[package]]
name = "libcaesium"
version = "0.17.1"
source = "registry+https://github.com/rust-lang/crates.io-index"
checksum = "c8bccd9f46ed0d4fc35e5d20a073a0861f24224320031a3405872243a6370001"
dependencies = [
 "bytes",
 "image",
 "imagequant",
 "img-parts",
 "infer",
 "kamadak-exif",
 "libc",
 "lodepng",
 "mozjpeg-sys",
 "oxipng",
 "tiff",
 "webp",
]

[[package]]
name = "libcaesium-wasm"
version = "0.2.1"
dependencies = [
 "libc",
 "libcaesium",
]

[[package]]
name = "libdeflate-sys"
version = "1.23.0"
source = "registry+https://github.com/rust-lang/crates.io-index"
checksum = "413b667c8a795fcbe6287a75a8ce92b1dae928172c716fe95044cb2ec7877941"
dependencies = [
 "cc",
]

[[package]]
name = "libdeflater"
version = "1.23.0"
source = "registry+https://github.com/rust-lang/crates.io-index"
checksum = "d78376c917eec0550b9c56c858de50e1b7ebf303116487562e624e63ce51453a"
dependencies = [
 "libdeflate-sys",
]

[[package]]
name = "libredox"
version = "0.1.3"
source = "registry+https://github.com/rust-lang/crates.io-index"
checksum = "c0ff37bd590ca25063e35af745c343cb7a0271906fb7b37e4813e8f79f00268d"
dependencies = [
 "bitflags 2.8.0",
 "libc",
 "redox_syscall",
]

[[package]]
name = "libwebp-sys"
version = "0.9.6"
source = "registry+https://github.com/rust-lang/crates.io-index"
checksum = "54cd30df7c7165ce74a456e4ca9732c603e8dc5e60784558c1c6dc047f876733"
dependencies = [
 "cc",
 "glob",
]

[[package]]
name = "lockfree-object-pool"
version = "0.1.6"
source = "registry+https://github.com/rust-lang/crates.io-index"
checksum = "9374ef4228402d4b7e403e5838cb880d9ee663314b0a900d5a6aabf0c213552e"

[[package]]
name = "lodepng"
version = "3.10.7"
source = "registry+https://github.com/rust-lang/crates.io-index"
checksum = "7b2dea7cda68e381418c985fd8f32a9c279a21ae8c715f2376adb20c27a0fad3"
dependencies = [
 "crc32fast",
 "flate2",
 "libc",
 "rgb",
]

[[package]]
name = "log"
version = "0.4.25"
source = "registry+https://github.com/rust-lang/crates.io-index"
checksum = "04cbf5b083de1c7e0222a7a51dbfdba1cbe1c6ab0b15e29fff3f6c077fd9cd9f"

[[package]]
name = "miniz_oxide"
version = "0.8.3"
source = "registry+https://github.com/rust-lang/crates.io-index"
checksum = "b8402cab7aefae129c6977bb0ff1b8fd9a04eb5b51efc50a70bea51cda0c7924"
dependencies = [
 "adler2",
 "simd-adler32",
]

[[package]]
name = "mozjpeg-sys"
version = "2.2.2"
source = "registry+https://github.com/rust-lang/crates.io-index"
checksum = "ad3626d7942d5b56cc6d47b1c59724c0a976b786fca059c5aaa904aef6324d55"
dependencies = [
 "cc",
 "dunce",
 "libc",
 "nasm-rs",
]

[[package]]
name = "mutate_once"
version = "0.1.1"
source = "registry+https://github.com/rust-lang/crates.io-index"
checksum = "16cf681a23b4d0a43fc35024c176437f9dcd818db34e0f42ab456a0ee5ad497b"

[[package]]
name = "nasm-rs"
version = "0.3.0"
source = "registry+https://github.com/rust-lang/crates.io-index"
checksum = "12fcfa1bd49e0342ec1d07ed2be83b59963e7acbeb9310e1bb2c07b69dadd959"
dependencies = [
 "jobserver",
]

[[package]]
name = "num-traits"
version = "0.2.19"
source = "registry+https://github.com/rust-lang/crates.io-index"
checksum = "071dfc062690e90b734c0b2273ce72ad0ffa95f0c74596bc250dcfd960262841"
dependencies = [
 "autocfg",
]

[[package]]
name = "once_cell"
version = "1.20.2"
source = "registry+https://github.com/rust-lang/crates.io-index"
checksum = "1261fe7e33c73b354eab43b1273a57c8f967d0391e80353e51f764ac02cf6775"

[[package]]
name = "oxipng"
version = "9.1.3"
source = "registry+https://github.com/rust-lang/crates.io-index"
checksum = "aa3202b10a7ffac89508bb091fe420048c47926b37c5ff84d78dc8af7044fa86"
dependencies = [
 "bitvec",
 "filetime",
 "indexmap",
 "libdeflater",
 "log",
 "rgb",
 "rustc-hash",
 "zopfli",
]

[[package]]
name = "png"
version = "0.17.16"
source = "registry+https://github.com/rust-lang/crates.io-index"
checksum = "82151a2fc869e011c153adc57cf2789ccb8d9906ce52c0b39a6b5697749d7526"
dependencies = [
 "bitflags 1.3.2",
 "crc32fast",
 "fdeflate",
 "flate2",
 "miniz_oxide",
]

[[package]]
name = "quick-error"
version = "2.0.1"
source = "registry+https://github.com/rust-lang/crates.io-index"
checksum = "a993555f31e5a609f617c12db6250dedcac1b0a85076912c436e6fc9b2c8e6a3"

[[package]]
name = "radium"
version = "0.7.0"
source = "registry+https://github.com/rust-lang/crates.io-index"
checksum = "dc33ff2d4973d518d823d61aa239014831e521c75da58e3df4840d3f47749d09"

[[package]]
name = "redox_syscall"
version = "0.5.8"
source = "registry+https://github.com/rust-lang/crates.io-index"
checksum = "03a862b389f93e68874fbf580b9de08dd02facb9a788ebadaf4a3fd33cf58834"
dependencies = [
 "bitflags 2.8.0",
]

[[package]]
name = "rgb"
version = "0.8.50"
source = "registry+https://github.com/rust-lang/crates.io-index"
checksum = "57397d16646700483b67d2dd6511d79318f9d057fdbd21a4066aeac8b41d310a"
dependencies = [
 "bytemuck",
]

[[package]]
name = "rustc-hash"
version = "2.1.0"
source = "registry+https://github.com/rust-lang/crates.io-index"
checksum = "c7fb8039b3032c191086b10f11f319a6e99e1e82889c5cc6046f515c9db1d497"

[[package]]
name = "shlex"
version = "1.3.0"
source = "registry+https://github.com/rust-lang/crates.io-index"
checksum = "0fda2ff0d084019ba4d7c6f371c95d8fd75ce3524c3cb8fb653a3023f6323e64"

[[package]]
name = "simd-adler32"
version = "0.3.7"
source = "registry+https://github.com/rust-lang/crates.io-index"
checksum = "d66dc143e6b11c1eddc06d5c423cfc97062865baf299914ab64caa38182078fe"

[[package]]
name = "tap"
version = "1.0.1"
source = "registry+https://github.com/rust-lang/crates.io-index"
checksum = "55937e1799185b12863d447f42597ed69d9928686b8d88a1df17376a097d8369"

[[package]]
name = "tiff"
version = "0.9.1"
source = "registry+https://github.com/rust-lang/crates.io-index"
checksum = "ba1310fcea54c6a9a4fd1aad794ecc02c31682f6bfbecdf460bf19533eed1e3e"
dependencies = [
 "flate2",
 "jpeg-decoder",
 "weezl",
]

[[package]]
name = "uuid"
version = "1.12.0"
source = "registry+https://github.com/rust-lang/crates.io-index"
checksum = "744018581f9a3454a9e15beb8a33b017183f1e7c0cd170232a2d1453b23a51c4"

[[package]]
name = "webp"
version = "0.3.0"
source = "registry+https://github.com/rust-lang/crates.io-index"
checksum = "8f53152f51fb5af0c08484c33d16cca96175881d1f3dec068c23b31a158c2d99"
dependencies = [
 "image",
 "libwebp-sys",
]

[[package]]
name = "weezl"
version = "0.1.8"
source = "registry+https://github.com/rust-lang/crates.io-index"
checksum = "53a85b86a771b1c87058196170769dd264f66c0782acf1ae6cc51bfd64b39082"

[[package]]
name = "windows-sys"
version = "0.59.0"
source = "registry+https://github.com/rust-lang/crates.io-index"
checksum = "1e38bc4d79ed67fd075bcc251a1c39b32a1776bbe92e5bef1f0bf1f8c531853b"
dependencies = [
 "windows-targets",
]

[[package]]
name = "windows-targets"
version = "0.52.6"
source = "registry+https://github.com/rust-lang/crates.io-index"
checksum = "9b724f72796e036ab90c1021d4780d4d3d648aca59e491e6b98e725b84e99973"
dependencies = [
 "windows_aarch64_gnullvm",
 "windows_aarch64_msvc",
 "windows_i686_gnu",
 "windows_i686_gnullvm",
 "windows_i686_msvc",
 "windows_x86_64_gnu",
 "windows_x86_64_gnullvm",
 "windows_x86_64_msvc",
]

[[package]]
name = "windows_aarch64_gnullvm"
version = "0.52.6"
source = "registry+https://github.com/rust-lang/crates.io-index"
checksum = "32a4622180e7a0ec044bb555404c800bc9fd9ec262ec147edd5989ccd0c02cd3"

[[package]]
name = "windows_aarch64_msvc"
version = "0.52.6"
source = "registry+https://github.com/rust-lang/crates.io-index"
checksum = "09ec2a7bb152e2252b53fa7803150007879548bc709c039df7627cabbd05d469"

[[package]]
name = "windows_i686_gnu"
version = "0.52.6"
source = "registry+https://github.com/rust-lang/crates.io-index"
checksum = "8e9b5ad5ab802e97eb8e295ac6720e509ee4c243f69d781394014ebfe8bbfa0b"

[[package]]
name = "windows_i686_gnullvm"
version = "0.52.6"
source = "registry+https://github.com/rust-lang/crates.io-index"
checksum = "0eee52d38c090b3caa76c563b86c3a4bd71ef1a819287c19d586d7334ae8ed66"

[[package]]
name = "windows_i686_msvc"
version = "0.52.6"
source = "registry+https://github.com/rust-lang/crates.io-index"
checksum = "240948bc05c5e7c6dabba28bf89d89ffce3e303022809e73deaefe4f6ec56c66"

[[package]]
name = "windows_x86_64_gnu"
version = "0.52.6"
source = "registry+https://github.com/rust-lang/crates.io-index"
checksum = "147a5c80aabfbf0c7d901cb5895d1de30ef2907eb21fbbab29ca94c5b08b1a78"

[[package]]
name = "windows_x86_64_gnullvm"
version = "0.52.6"
source = "registry+https://github.com/rust-lang/crates.io-index"
checksum = "24d5b23dc417412679681396f2b49f3de8c1473deb516bd34410872eff51ed0d"

[[package]]
name = "windows_x86_64_msvc"
version = "0.52.6"
source = "registry+https://github.com/rust-lang/crates.io-index"
checksum = "589f6da84c646204747d1270a2a5661ea66ed1cced2631d546fdfb155959f9ec"

[[package]]
name = "wyz"
version = "0.5.1"
source = "registry+https://github.com/rust-lang/crates.io-index"
checksum = "05f360fc0b24296329c78fda852a1e9ae82de9cf7b27dae4b7f62f118f77b9ed"
dependencies = [
 "tap",
]

[[package]]
name = "zopfli"
version = "0.8.1"
source = "registry+https://github.com/rust-lang/crates.io-index"
checksum = "e5019f391bac5cf252e93bbcc53d039ffd62c7bfb7c150414d61369afe57e946"
dependencies = [
 "bumpalo",
 "crc32fast",
 "lockfree-object-pool",
 "log",
 "once_cell",
 "simd-adler32",
]

[[package]]
name = "zune-core"
version = "0.4.12"
source = "registry+https://github.com/rust-lang/crates.io-index"
checksum = "3f423a2c17029964870cfaabb1f13dfab7d092a62a29a89264f4d36990ca414a"

[[package]]
name = "zune-jpeg"
version = "0.4.14"
source = "registry+https://github.com/rust-lang/crates.io-index"
checksum = "99a5bab8d7dedf81405c4bb1f2b83ea057643d9cb28778cea9eecddeedd2e028"
dependencies = [
 "zune-core",
]
